
Microsoft Visual Studio Solution File, Format Version 12.00
# Visual Studio Version 17
VisualStudioVersion = 17.10.35122.118
MinimumVisualStudioVersion = 10.0.40219.1
Project("{FAE04EC0-301F-11D3-BF4B-00C04F79EFBC}") = "com.wrapper.centeralizedconfiguration", "com.wrapper.centeralizedconfiguration\com.wrapper.centeralizedconfiguration.csproj", "{66BC09E4-8B48-4705-ADF1-BF7B766D1D82}"
EndProject
Project("{9A19103F-16F7-4668-BE54-9A1E7A4F7556}") = "customlogging", "customlogging\customlogging.csproj", "{49FFD74A-6ADB-43BA-9B2D-9A8FE5899B85}"
EndProject
Global
	GlobalSection(SolutionConfigurationPlatforms) = preSolution
		Debug|Any CPU = Debug|Any CPU
		Release|Any CPU = Release|Any CPU
	EndGlobalSection
	GlobalSection(ProjectConfigurationPlatforms) = postSolution
		{66BC09E4-8B48-4705-ADF1-BF7B766D1D82}.Debug|Any CPU.ActiveCfg = Debug|Any CPU
		{66BC09E4-8B48-4705-ADF1-BF7B766D1D82}.Debug|Any CPU.Build.0 = Debug|Any CPU
		{66BC09E4-8B48-4705-ADF1-BF7B766D1D82}.Release|Any CPU.ActiveCfg = Release|Any CPU
		{66BC09E4-8B48-4705-ADF1-BF7B766D1D82}.Release|Any CPU.Build.0 = Release|Any CPU
		{49FFD74A-6ADB-43BA-9B2D-9A8FE5899B85}.Debug|Any CPU.ActiveCfg = Debug|Any CPU
		{49FFD74A-6ADB-43BA-9B2D-9A8FE5899B85}.Debug|Any CPU.Build.0 = Debug|Any CPU
		{49FFD74A-6ADB-43BA-9B2D-9A8FE5899B85}.Release|Any CPU.ActiveCfg = Release|Any CPU
		{49FFD74A-6ADB-43BA-9B2D-9A8FE5899B85}.Release|Any CPU.Build.0 = Release|Any CPU
	EndGlobalSection
	GlobalSection(SolutionProperties) = preSolution
		HideSolutionNode = FALSE
	EndGlobalSection
	GlobalSection(ExtensibilityGlobals) = postSolution
		SolutionGuid = {AB1F9339-A2DC-4578-A517-3D48AF2666EB}
	EndGlobalSection
EndGlobal
